
Microsoft Visual Studio Solution File, Format Version 11.00
# Visual Studio 2010
Project("{FAE04EC0-301F-11D3-BF4B-00C04F79EFBC}") = "Assembly-CSharp", "Assembly-CSharp.csproj", "{AE3F69C6-9C2C-1D32-7CBA-55CD292592AF}"
EndProject
Project("{FAE04EC0-301F-11D3-BF4B-00C04F79EFBC}") = "Assembly-CSharp-Editor", "Assembly-CSharp-Editor.csproj", "{6A6203ED-BA93-2381-4B33-336477CA999D}"
EndProject
Global
	GlobalSection(SolutionConfigurationPlatforms) = preSolution
		Debug|Any CPU = Debug|Any CPU
		Release|Any CPU = Release|Any CPU
	EndGlobalSection
	GlobalSection(ProjectConfigurationPlatforms) = postSolution
		{AE3F69C6-9C2C-1D32-7CBA-55CD292592AF}.Debug|Any CPU.ActiveCfg = Debug|Any CPU
		{AE3F69C6-9C2C-1D32-7CBA-55CD292592AF}.Debug|Any CPU.Build.0 = Debug|Any CPU
		{AE3F69C6-9C2C-1D32-7CBA-55CD292592AF}.Release|Any CPU.ActiveCfg = Release|Any CPU
		{AE3F69C6-9C2C-1D32-7CBA-55CD292592AF}.Release|Any CPU.Build.0 = Release|Any CPU
		{6A6203ED-BA93-2381-4B33-336477CA999D}.Debug|Any CPU.ActiveCfg = Debug|Any CPU
		{6A6203ED-BA93-2381-4B33-336477CA999D}.Debug|Any CPU.Build.0 = Debug|Any CPU
		{6A6203ED-BA93-2381-4B33-336477CA999D}.Release|Any CPU.ActiveCfg = Release|Any CPU
		{6A6203ED-BA93-2381-4B33-336477CA999D}.Release|Any CPU.Build.0 = Release|Any CPU
	EndGlobalSection
	GlobalSection(SolutionProperties) = preSolution
		HideSolutionNode = FALSE
	EndGlobalSection
EndGlobal
